
Microsoft Visual Studio Solution File, Format Version 12.00
# Visual Studio 15
VisualStudioVersion = 15.0.26124.0
MinimumVisualStudioVersion = 15.0.26124.0
Project("{2150E333-8FDC-42A3-9474-1A3956D46DE8}") = "src", "src", "{388AFEF7-1364-4CC9-9BB7-8AC7EF7A503E}"
EndProject
Project("{FAE04EC0-301F-11D3-BF4B-00C04F79EFBC}") = "expenses", "expenses\expenses.csproj", "{66C7C49E-F0EE-4EC0-8021-1A9BB6648582}"
EndProject
Project("{FAE04EC0-301F-11D3-BF4B-00C04F79EFBC}") = "expenses.Api.Common", "expenses.Api.Common\expenses.Api.Common.csproj", "{BD7D638F-4313-469B-936D-285919CE6968}"
EndProject
Project("{FAE04EC0-301F-11D3-BF4B-00C04F79EFBC}") = "expenses.Api.Models", "expenses.Api.Models\expenses.Api.Models.csproj", "{2F6C4319-F177-485B-A460-054A7F814F13}"
EndProject
Project("{FAE04EC0-301F-11D3-BF4B-00C04F79EFBC}") = "expenses.Data.Access", "expenses.Data.Access\expenses.Data.Access.csproj", "{A560462E-8776-414B-8486-D06F52262837}"
EndProject
Project("{2150E333-8FDC-42A3-9474-1A3956D46DE8}") = "", "", "{1D54652F-6FE2-4614-9CF4-3150182C0A0C}"
EndProject
Project("{FAE04EC0-301F-11D3-BF4B-00C04F79EFBC}") = "expenses.Data.Model", "expenses.Data.Model\expenses.Data.Model.csproj", "{159B3AC3-6C1A-42EA-B3C0-16CDB37C5EE0}"
EndProject
Project("{FAE04EC0-301F-11D3-BF4B-00C04F79EFBC}") = "expenses.Data.Queries", "expenses.Data.Queries\expenses.Data.Queries.csproj", "{AE08F33E-660A-4D33-AA23-518A2B6BF89E}"
EndProject
Project("{FAE04EC0-301F-11D3-BF4B-00C04F79EFBC}") = "expenses.Data.Security", "expenses.Data.Security\expenses.Data.Security.csproj", "{DF730DD5-C635-4700-810F-E8352A8162F7}"
EndProject
Project("{2150E333-8FDC-42A3-9474-1A3956D46DE8}") = "tests", "tests", "{A43F051A-B1DA-4FD5-99FD-81747727555C}"
EndProject
Project("{FAE04EC0-301F-11D3-BF4B-00C04F79EFBC}") = "expenses.Api.IntegrationTests", "expenses.Api.IntegrationTests\expenses.Api.IntegrationTests.csproj", "{F2640558-B070-4417-9B07-BAC906E5087D}"
EndProject
Project("{FAE04EC0-301F-11D3-BF4B-00C04F79EFBC}") = "expenses.Queries.Tests", "expenses.Queries.Tests\expenses.Queries.Tests.csproj", "{002E5FDA-2A12-42E9-9D94-561E5AFD088C}"
EndProject
Global
	GlobalSection(SolutionConfigurationPlatforms) = preSolution
		Debug|Any CPU = Debug|Any CPU
		Debug|x64 = Debug|x64
		Debug|x86 = Debug|x86
		Release|Any CPU = Release|Any CPU
		Release|x64 = Release|x64
		Release|x86 = Release|x86
	EndGlobalSection
	GlobalSection(SolutionProperties) = preSolution
		HideSolutionNode = FALSE
	EndGlobalSection
	GlobalSection(ProjectConfigurationPlatforms) = postSolution
		{66C7C49E-F0EE-4EC0-8021-1A9BB6648582}.Debug|Any CPU.ActiveCfg = Debug|Any CPU
		{66C7C49E-F0EE-4EC0-8021-1A9BB6648582}.Debug|Any CPU.Build.0 = Debug|Any CPU
		{66C7C49E-F0EE-4EC0-8021-1A9BB6648582}.Debug|x64.ActiveCfg = Debug|Any CPU
		{66C7C49E-F0EE-4EC0-8021-1A9BB6648582}.Debug|x64.Build.0 = Debug|Any CPU
		{66C7C49E-F0EE-4EC0-8021-1A9BB6648582}.Debug|x86.ActiveCfg = Debug|Any CPU
		{66C7C49E-F0EE-4EC0-8021-1A9BB6648582}.Debug|x86.Build.0 = Debug|Any CPU
		{66C7C49E-F0EE-4EC0-8021-1A9BB6648582}.Release|Any CPU.ActiveCfg = Release|Any CPU
		{66C7C49E-F0EE-4EC0-8021-1A9BB6648582}.Release|Any CPU.Build.0 = Release|Any CPU
		{66C7C49E-F0EE-4EC0-8021-1A9BB6648582}.Release|x64.ActiveCfg = Release|Any CPU
		{66C7C49E-F0EE-4EC0-8021-1A9BB6648582}.Release|x64.Build.0 = Release|Any CPU
		{66C7C49E-F0EE-4EC0-8021-1A9BB6648582}.Release|x86.ActiveCfg = Release|Any CPU
		{66C7C49E-F0EE-4EC0-8021-1A9BB6648582}.Release|x86.Build.0 = Release|Any CPU
		{BD7D638F-4313-469B-936D-285919CE6968}.Debug|Any CPU.ActiveCfg = Debug|Any CPU
		{BD7D638F-4313-469B-936D-285919CE6968}.Debug|Any CPU.Build.0 = Debug|Any CPU
		{BD7D638F-4313-469B-936D-285919CE6968}.Debug|x64.ActiveCfg = Debug|Any CPU
		{BD7D638F-4313-469B-936D-285919CE6968}.Debug|x64.Build.0 = Debug|Any CPU
		{BD7D638F-4313-469B-936D-285919CE6968}.Debug|x86.ActiveCfg = Debug|Any CPU
		{BD7D638F-4313-469B-936D-285919CE6968}.Debug|x86.Build.0 = Debug|Any CPU
		{BD7D638F-4313-469B-936D-285919CE6968}.Release|Any CPU.ActiveCfg = Release|Any CPU
		{BD7D638F-4313-469B-936D-285919CE6968}.Release|Any CPU.Build.0 = Release|Any CPU
		{BD7D638F-4313-469B-936D-285919CE6968}.Release|x64.ActiveCfg = Release|Any CPU
		{BD7D638F-4313-469B-936D-285919CE6968}.Release|x64.Build.0 = Release|Any CPU
		{BD7D638F-4313-469B-936D-285919CE6968}.Release|x86.ActiveCfg = Release|Any CPU
		{BD7D638F-4313-469B-936D-285919CE6968}.Release|x86.Build.0 = Release|Any CPU
		{2F6C4319-F177-485B-A460-054A7F814F13}.Debug|Any CPU.ActiveCfg = Debug|Any CPU
		{2F6C4319-F177-485B-A460-054A7F814F13}.Debug|Any CPU.Build.0 = Debug|Any CPU
		{2F6C4319-F177-485B-A460-054A7F814F13}.Debug|x64.ActiveCfg = Debug|Any CPU
		{2F6C4319-F177-485B-A460-054A7F814F13}.Debug|x64.Build.0 = Debug|Any CPU
		{2F6C4319-F177-485B-A460-054A7F814F13}.Debug|x86.ActiveCfg = Debug|Any CPU
		{2F6C4319-F177-485B-A460-054A7F814F13}.Debug|x86.Build.0 = Debug|Any CPU
		{2F6C4319-F177-485B-A460-054A7F814F13}.Release|Any CPU.ActiveCfg = Release|Any CPU
		{2F6C4319-F177-485B-A460-054A7F814F13}.Release|Any CPU.Build.0 = Release|Any CPU
		{2F6C4319-F177-485B-A460-054A7F814F13}.Release|x64.ActiveCfg = Release|Any CPU
		{2F6C4319-F177-485B-A460-054A7F814F13}.Release|x64.Build.0 = Release|Any CPU
		{2F6C4319-F177-485B-A460-054A7F814F13}.Release|x86.ActiveCfg = Release|Any CPU
		{2F6C4319-F177-485B-A460-054A7F814F13}.Release|x86.Build.0 = Release|Any CPU
		{A560462E-8776-414B-8486-D06F52262837}.Debug|Any CPU.ActiveCfg = Debug|Any CPU
		{A560462E-8776-414B-8486-D06F52262837}.Debug|Any CPU.Build.0 = Debug|Any CPU
		{A560462E-8776-414B-8486-D06F52262837}.Debug|x64.ActiveCfg = Debug|Any CPU
		{A560462E-8776-414B-8486-D06F52262837}.Debug|x64.Build.0 = Debug|Any CPU
		{A560462E-8776-414B-8486-D06F52262837}.Debug|x86.ActiveCfg = Debug|Any CPU
		{A560462E-8776-414B-8486-D06F52262837}.Debug|x86.Build.0 = Debug|Any CPU
		{A560462E-8776-414B-8486-D06F52262837}.Release|Any CPU.ActiveCfg = Release|Any CPU
		{A560462E-8776-414B-8486-D06F52262837}.Release|Any CPU.Build.0 = Release|Any CPU
		{A560462E-8776-414B-8486-D06F52262837}.Release|x64.ActiveCfg = Release|Any CPU
		{A560462E-8776-414B-8486-D06F52262837}.Release|x64.Build.0 = Release|Any CPU
		{A560462E-8776-414B-8486-D06F52262837}.Release|x86.ActiveCfg = Release|Any CPU
		{A560462E-8776-414B-8486-D06F52262837}.Release|x86.Build.0 = Release|Any CPU
		{159B3AC3-6C1A-42EA-B3C0-16CDB37C5EE0}.Debug|Any CPU.ActiveCfg = Debug|Any CPU
		{159B3AC3-6C1A-42EA-B3C0-16CDB37C5EE0}.Debug|Any CPU.Build.0 = Debug|Any CPU
		{159B3AC3-6C1A-42EA-B3C0-16CDB37C5EE0}.Debug|x64.ActiveCfg = Debug|Any CPU
		{159B3AC3-6C1A-42EA-B3C0-16CDB37C5EE0}.Debug|x64.Build.0 = Debug|Any CPU
		{159B3AC3-6C1A-42EA-B3C0-16CDB37C5EE0}.Debug|x86.ActiveCfg = Debug|Any CPU
		{159B3AC3-6C1A-42EA-B3C0-16CDB37C5EE0}.Debug|x86.Build.0 = Debug|Any CPU
		{159B3AC3-6C1A-42EA-B3C0-16CDB37C5EE0}.Release|Any CPU.ActiveCfg = Release|Any CPU
		{159B3AC3-6C1A-42EA-B3C0-16CDB37C5EE0}.Release|Any CPU.Build.0 = Release|Any CPU
		{159B3AC3-6C1A-42EA-B3C0-16CDB37C5EE0}.Release|x64.ActiveCfg = Release|Any CPU
		{159B3AC3-6C1A-42EA-B3C0-16CDB37C5EE0}.Release|x64.Build.0 = Release|Any CPU
		{159B3AC3-6C1A-42EA-B3C0-16CDB37C5EE0}.Release|x86.ActiveCfg = Release|Any CPU
		{159B3AC3-6C1A-42EA-B3C0-16CDB37C5EE0}.Release|x86.Build.0 = Release|Any CPU
		{AE08F33E-660A-4D33-AA23-518A2B6BF89E}.Debug|Any CPU.ActiveCfg = Debug|Any CPU
		{AE08F33E-660A-4D33-AA23-518A2B6BF89E}.Debug|Any CPU.Build.0 = Debug|Any CPU
		{AE08F33E-660A-4D33-AA23-518A2B6BF89E}.Debug|x64.ActiveCfg = Debug|Any CPU
		{AE08F33E-660A-4D33-AA23-518A2B6BF89E}.Debug|x64.Build.0 = Debug|Any CPU
		{AE08F33E-660A-4D33-AA23-518A2B6BF89E}.Debug|x86.ActiveCfg = Debug|Any CPU
		{AE08F33E-660A-4D33-AA23-518A2B6BF89E}.Debug|x86.Build.0 = Debug|Any CPU
		{AE08F33E-660A-4D33-AA23-518A2B6BF89E}.Release|Any CPU.ActiveCfg = Release|Any CPU
		{AE08F33E-660A-4D33-AA23-518A2B6BF89E}.Release|Any CPU.Build.0 = Release|Any CPU
		{AE08F33E-660A-4D33-AA23-518A2B6BF89E}.Release|x64.ActiveCfg = Release|Any CPU
		{AE08F33E-660A-4D33-AA23-518A2B6BF89E}.Release|x64.Build.0 = Release|Any CPU
		{AE08F33E-660A-4D33-AA23-518A2B6BF89E}.Release|x86.ActiveCfg = Release|Any CPU
		{AE08F33E-660A-4D33-AA23-518A2B6BF89E}.Release|x86.Build.0 = Release|Any CPU
		{DF730DD5-C635-4700-810F-E8352A8162F7}.Debug|Any CPU.ActiveCfg = Debug|Any CPU
		{DF730DD5-C635-4700-810F-E8352A8162F7}.Debug|Any CPU.Build.0 = Debug|Any CPU
		{DF730DD5-C635-4700-810F-E8352A8162F7}.Debug|x64.ActiveCfg = Debug|Any CPU
		{DF730DD5-C635-4700-810F-E8352A8162F7}.Debug|x64.Build.0 = Debug|Any CPU
		{DF730DD5-C635-4700-810F-E8352A8162F7}.Debug|x86.ActiveCfg = Debug|Any CPU
		{DF730DD5-C635-4700-810F-E8352A8162F7}.Debug|x86.Build.0 = Debug|Any CPU
		{DF730DD5-C635-4700-810F-E8352A8162F7}.Release|Any CPU.ActiveCfg = Release|Any CPU
		{DF730DD5-C635-4700-810F-E8352A8162F7}.Release|Any CPU.Build.0 = Release|Any CPU
		{DF730DD5-C635-4700-810F-E8352A8162F7}.Release|x64.ActiveCfg = Release|Any CPU
		{DF730DD5-C635-4700-810F-E8352A8162F7}.Release|x64.Build.0 = Release|Any CPU
		{DF730DD5-C635-4700-810F-E8352A8162F7}.Release|x86.ActiveCfg = Release|Any CPU
		{DF730DD5-C635-4700-810F-E8352A8162F7}.Release|x86.Build.0 = Release|Any CPU
		{F2640558-B070-4417-9B07-BAC906E5087D}.Debug|Any CPU.ActiveCfg = Debug|Any CPU
		{F2640558-B070-4417-9B07-BAC906E5087D}.Debug|Any CPU.Build.0 = Debug|Any CPU
		{F2640558-B070-4417-9B07-BAC906E5087D}.Debug|x64.ActiveCfg = Debug|Any CPU
		{F2640558-B070-4417-9B07-BAC906E5087D}.Debug|x64.Build.0 = Debug|Any CPU
		{F2640558-B070-4417-9B07-BAC906E5087D}.Debug|x86.ActiveCfg = Debug|Any CPU
		{F2640558-B070-4417-9B07-BAC906E5087D}.Debug|x86.Build.0 = Debug|Any CPU
		{F2640558-B070-4417-9B07-BAC906E5087D}.Release|Any CPU.ActiveCfg = Release|Any CPU
		{F2640558-B070-4417-9B07-BAC906E5087D}.Release|Any CPU.Build.0 = Release|Any CPU
		{F2640558-B070-4417-9B07-BAC906E5087D}.Release|x64.ActiveCfg = Release|Any CPU
		{F2640558-B070-4417-9B07-BAC906E5087D}.Release|x64.Build.0 = Release|Any CPU
		{F2640558-B070-4417-9B07-BAC906E5087D}.Release|x86.ActiveCfg = Release|Any CPU
		{F2640558-B070-4417-9B07-BAC906E5087D}.Release|x86.Build.0 = Release|Any CPU
		{002E5FDA-2A12-42E9-9D94-561E5AFD088C}.Debug|Any CPU.ActiveCfg = Debug|Any CPU
		{002E5FDA-2A12-42E9-9D94-561E5AFD088C}.Debug|Any CPU.Build.0 = Debug|Any CPU
		{002E5FDA-2A12-42E9-9D94-561E5AFD088C}.Debug|x64.ActiveCfg = Debug|Any CPU
		{002E5FDA-2A12-42E9-9D94-561E5AFD088C}.Debug|x64.Build.0 = Debug|Any CPU
		{002E5FDA-2A12-42E9-9D94-561E5AFD088C}.Debug|x86.ActiveCfg = Debug|Any CPU
		{002E5FDA-2A12-42E9-9D94-561E5AFD088C}.Debug|x86.Build.0 = Debug|Any CPU
		{002E5FDA-2A12-42E9-9D94-561E5AFD088C}.Release|Any CPU.ActiveCfg = Release|Any CPU
		{002E5FDA-2A12-42E9-9D94-561E5AFD088C}.Release|Any CPU.Build.0 = Release|Any CPU
		{002E5FDA-2A12-42E9-9D94-561E5AFD088C}.Release|x64.ActiveCfg = Release|Any CPU
		{002E5FDA-2A12-42E9-9D94-561E5AFD088C}.Release|x64.Build.0 = Release|Any CPU
		{002E5FDA-2A12-42E9-9D94-561E5AFD088C}.Release|x86.ActiveCfg = Release|Any CPU
		{002E5FDA-2A12-42E9-9D94-561E5AFD088C}.Release|x86.Build.0 = Release|Any CPU
	EndGlobalSection
	GlobalSection(NestedProjects) = preSolution
		{66C7C49E-F0EE-4EC0-8021-1A9BB6648582} = {388AFEF7-1364-4CC9-9BB7-8AC7EF7A503E}
		{BD7D638F-4313-469B-936D-285919CE6968} = {388AFEF7-1364-4CC9-9BB7-8AC7EF7A503E}
		{2F6C4319-F177-485B-A460-054A7F814F13} = {388AFEF7-1364-4CC9-9BB7-8AC7EF7A503E}
		{A560462E-8776-414B-8486-D06F52262837} = {388AFEF7-1364-4CC9-9BB7-8AC7EF7A503E}
		{159B3AC3-6C1A-42EA-B3C0-16CDB37C5EE0} = {388AFEF7-1364-4CC9-9BB7-8AC7EF7A503E}
		{AE08F33E-660A-4D33-AA23-518A2B6BF89E} = {388AFEF7-1364-4CC9-9BB7-8AC7EF7A503E}
		{DF730DD5-C635-4700-810F-E8352A8162F7} = {388AFEF7-1364-4CC9-9BB7-8AC7EF7A503E}
		{A43F051A-B1DA-4FD5-99FD-81747727555C} = {1D54652F-6FE2-4614-9CF4-3150182C0A0C}
		{F2640558-B070-4417-9B07-BAC906E5087D} = {A43F051A-B1DA-4FD5-99FD-81747727555C}
		{002E5FDA-2A12-42E9-9D94-561E5AFD088C} = {A43F051A-B1DA-4FD5-99FD-81747727555C}
	EndGlobalSection
EndGlobal
